<?xml version="1.0" encoding="utf-8"?>
<Project ToolsVersion="4.0" xmlns="http://schemas.microsoft.com/developer/msbuild/2003">
  <ItemGroup>
    <Filter Include="include">
      <UniqueIdentifier>{e39c1959-4e56-4432-8b89-9ff155c2d005}</UniqueIdentifier>
      <Extensions>*.h</Extensions>
    </Filter>
    <Filter Include="src">
      <UniqueIdentifier>{1cf6f487-b5da-4bb2-8ba7-8456720debd0}</UniqueIdentifier>
      <Extensions>*.cpp</Extensions>
    </Filter>
    <Filter Include="distorm">
      <UniqueIdentifier>{ef5169a1-aa7d-40c5-9f4d-791c886f4c42}</UniqueIdentifier>
    </Filter>
    <Filter Include="distorm\include">
      <UniqueIdentifier>{3fad6297-ce40-4f6d-8999-bee0e3f19207}</UniqueIdentifier>
    </Filter>
    <Filter Include="distorm\src">
      <UniqueIdentifier>{00b9f757-2e40-4df2-8bbc-7f8d5841c6f6}</UniqueIdentifier>
    </Filter>
  </ItemGroup>
  <ItemGroup>
    <ClInclude Include="..\include\CharBuf.h">
      <Filter>include</Filter>
    </ClInclude>
    <ClInclude Include="include\CoConnectionPoint.H">
      <Filter>include</Filter>
    </ClInclude>
    <ClInclude Include="include\CoCormanLisp.h">
      <Filter>include</Filter>
    </ClInclude>
    <ClInclude Include="include\CoEnumConnectionPoints.H">
      <Filter>include</Filter>
    </ClInclude>
    <ClInclude Include="include\CoEnumConnections.h">
      <Filter>include</Filter>
    </ClInclude>
    <ClInclude Include="include\Compx86.h">
      <Filter>include</Filter>
    </ClInclude>
    <ClInclude Include="include\CormanLispServer.h">
      <Filter>include</Filter>
    </ClInclude>
    <ClInclude Include="..\include\ICormanLisp.h">
      <Filter>include</Filter>
    </ClInclude>
    <ClInclude Include="include\Lisp.h">
      <Filter>include</Filter>
    </ClInclude>
    <ClInclude Include="include\Lispmath.h">
      <Filter>include</Filter>
    </ClInclude>
    <ClInclude Include="include\LispThreadQueue.h">
      <Filter>include</Filter>
    </ClInclude>
    <ClInclude Include="res\resource.h">
      <Filter>include</Filter>
    </ClInclude>
    <ClInclude Include="include\Stdafx.h">
      <Filter>include</Filter>
    </ClInclude>
    <ClInclude Include="include\UserInfo.h">
      <Filter>include</Filter>
    </ClInclude>
    <ClInclude Include="include\Version.h">
      <Filter>include</Filter>
    </ClInclude>
    <ClInclude Include="distorm\include\distorm.h">
      <Filter>distorm\include</Filter>
    </ClInclude>
    <ClInclude Include="distorm\include\mnemonics.h">
      <Filter>distorm\include</Filter>
    </ClInclude>
    <ClInclude Include="distorm\src\config.h">
      <Filter>distorm\src</Filter>
    </ClInclude>
    <ClInclude Include="distorm\src\decoder.h">
      <Filter>distorm\src</Filter>
    </ClInclude>
    <ClInclude Include="distorm\src\instructions.h">
      <Filter>distorm\src</Filter>
    </ClInclude>
    <ClInclude Include="distorm\src\insts.h">
      <Filter>distorm\src</Filter>
    </ClInclude>
    <ClInclude Include="distorm\src\operands.h">
      <Filter>distorm\src</Filter>
    </ClInclude>
    <ClInclude Include="distorm\src\prefix.h">
      <Filter>distorm\src</Filter>
    </ClInclude>
    <ClInclude Include="distorm\src\textdefs.h">
      <Filter>distorm\src</Filter>
    </ClInclude>
    <ClInclude Include="distorm\src\wstring.h">
      <Filter>distorm\src</Filter>
    </ClInclude>
    <ClInclude Include="distorm\src\x86defs.h">
      <Filter>distorm\src</Filter>
    </ClInclude>
  </ItemGroup>
  <ItemGroup>
    <None Include="CormanLispServer.def">
      <Filter>include</Filter>
    </None>
    <None Include="distorm\COPYING">
      <Filter>distorm</Filter>
    </None>
  </ItemGroup>
  <ItemGroup>
    <ClCompile Include="src\CharBuf.cpp">
      <Filter>src</Filter>
    </ClCompile>
    <ClCompile Include="src\CoConnectionPoint.cpp">
      <Filter>src</Filter>
    </ClCompile>
    <ClCompile Include="src\CoCormanLisp.cpp">
      <Filter>src</Filter>
    </ClCompile>
    <ClCompile Include="src\CoEnumConnectionPoints.cpp">
      <Filter>src</Filter>
    </ClCompile>
    <ClCompile Include="src\CoEnumConnections.cpp">
      <Filter>src</Filter>
    </ClCompile>
    <ClCompile Include="src\Compx86.cpp">
      <Filter>src</Filter>
    </ClCompile>
    <ClCompile Include="src\CormanLispServer.cpp">
      <Filter>src</Filter>
    </ClCompile>
    <ClCompile Include="src\Gc.cpp">
      <Filter>src</Filter>
    </ClCompile>
    <ClCompile Include="src\Lisp.cpp">
      <Filter>src</Filter>
    </ClCompile>
    <ClCompile Include="src\Lispfunc.cpp">
      <Filter>src</Filter>
    </ClCompile>
    <ClCompile Include="src\LispMath.cpp">
      <Filter>src</Filter>
    </ClCompile>
    <ClCompile Include="src\LispThreadQueue.cpp">
      <Filter>src</Filter>
    </ClCompile>
    <ClCompile Include="src\MemoryReport.cpp">
      <Filter>src</Filter>
    </ClCompile>
    <ClCompile Include="src\Read.cpp">
      <Filter>src</Filter>
    </ClCompile>
    <ClCompile Include="src\Stdafx.cpp">
      <Filter>src</Filter>
    </ClCompile>
    <ClCompile Include="src\ThreadClasses.cpp">
      <Filter>src</Filter>
    </ClCompile>
    <ClCompile Include="src\Write.cpp">
      <Filter>src</Filter>
    </ClCompile>
    <ClCompile Include="src\UserInfo.cpp">
      <Filter>src</Filter>
    </ClCompile>
    <ClCompile Include="distorm\src\decoder.c">
      <Filter>distorm\src</Filter>
    </ClCompile>
    <ClCompile Include="distorm\src\distorm.c">
      <Filter>distorm\src</Filter>
    </ClCompile>
    <ClCompile Include="distorm\src\instructions.c">
      <Filter>distorm\src</Filter>
    </ClCompile>
    <ClCompile Include="distorm\src\insts.c">
      <Filter>distorm\src</Filter>
    </ClCompile>
    <ClCompile Include="distorm\src\mnemonics.c">
      <Filter>distorm\src</Filter>
    </ClCompile>
    <ClCompile Include="distorm\src\operands.c">
      <Filter>distorm\src</Filter>
    </ClCompile>
    <ClCompile Include="distorm\src\prefix.c">
      <Filter>distorm\src</Filter>
    </ClCompile>
    <ClCompile Include="distorm\src\textdefs.c">
      <Filter>distorm\src</Filter>
    </ClCompile>
    <ClCompile Include="distorm\src\wstring.c">
      <Filter>distorm\src</Filter>
    </ClCompile>
    <ClCompile Include="src\Unassemble.cpp">
      <Filter>src</Filter>
    </ClCompile>
  </ItemGroup>
  <ItemGroup>
    <ResourceCompile Include="res\CormanLispServer.rc" />
  </ItemGroup>
</Project>