Microsoft Visual Studio Solution File, Format Version 10.00
# Visual Studio 2008
Project("{8BC9CEB8-8B4A-11D0-8D11-00A0C91BC942}") = "zlib_vc9", "zlib\zlib_vc9.vcproj", "{99BD3558-DEEE-4F99-913E-DAC97A12926E}"
EndProject
Project("{8BC9CEB8-8B4A-11D0-8D11-00A0C91BC942}") = "CormanLispServer_vc9", "CormanLispServer\CormanLispServer_vc9.vcproj", "{F914CF4D-5904-477F-A388-00C05E749D18}"
	ProjectSection(ProjectDependencies) = postProject
		{99BD3558-DEEE-4F99-913E-DAC97A12926E} = {99BD3558-DEEE-4F99-913E-DAC97A12926E}
	EndProjectSection
EndProject
Project("{8BC9CEB8-8B4A-11D0-8D11-00A0C91BC942}") = "license_vc9", "license\license_vc9.vcproj", "{E21CE9F1-F1AF-487A-8C01-23A4D8A23CC7}"
	ProjectSection(ProjectDependencies) = postProject
		{99BD3558-DEEE-4F99-913E-DAC97A12926E} = {99BD3558-DEEE-4F99-913E-DAC97A12926E}
	EndProjectSection
EndProject
Project("{8BC9CEB8-8B4A-11D0-8D11-00A0C91BC942}") = "dlltemplate_vc9", "dlltemplate\dlltemplate_vc9.vcproj", "{DE479E27-E406-43A8-BCBD-8506EBC31038}"
	ProjectSection(ProjectDependencies) = postProject
		{F914CF4D-5904-477F-A388-00C05E749D18} = {F914CF4D-5904-477F-A388-00C05E749D18}
		{99BD3558-DEEE-4F99-913E-DAC97A12926E} = {99BD3558-DEEE-4F99-913E-DAC97A12926E}
		{E21CE9F1-F1AF-487A-8C01-23A4D8A23CC7} = {E21CE9F1-F1AF-487A-8C01-23A4D8A23CC7}
	EndProjectSection
EndProject
Project("{8BC9CEB8-8B4A-11D0-8D11-00A0C91BC942}") = "clboot_vc9", "clboot\clboot_vc9.vcproj", "{95914474-F1BA-4190-8FF3-4F03386FC8D6}"
	ProjectSection(ProjectDependencies) = postProject
		{F914CF4D-5904-477F-A388-00C05E749D18} = {F914CF4D-5904-477F-A388-00C05E749D18}
		{99BD3558-DEEE-4F99-913E-DAC97A12926E} = {99BD3558-DEEE-4F99-913E-DAC97A12926E}
		{E21CE9F1-F1AF-487A-8C01-23A4D8A23CC7} = {E21CE9F1-F1AF-487A-8C01-23A4D8A23CC7}
	EndProjectSection
EndProject
Project("{8BC9CEB8-8B4A-11D0-8D11-00A0C91BC942}") = "clbootapp_vc9", "clbootapp\clbootapp_vc9.vcproj", "{AE675399-2236-4F77-BBAD-B665F9C1022C}"
	ProjectSection(ProjectDependencies) = postProject
		{F914CF4D-5904-477F-A388-00C05E749D18} = {F914CF4D-5904-477F-A388-00C05E749D18}
		{99BD3558-DEEE-4F99-913E-DAC97A12926E} = {99BD3558-DEEE-4F99-913E-DAC97A12926E}
		{E21CE9F1-F1AF-487A-8C01-23A4D8A23CC7} = {E21CE9F1-F1AF-487A-8C01-23A4D8A23CC7}
	EndProjectSection
EndProject
Project("{8BC9CEB8-8B4A-11D0-8D11-00A0C91BC942}") = "clconsole_vc9", "clconsole\clconsole_vc9.vcproj", "{EE43A1A5-ED5E-4247-B0CF-FB5F3EC80A03}"
	ProjectSection(ProjectDependencies) = postProject
		{F914CF4D-5904-477F-A388-00C05E749D18} = {F914CF4D-5904-477F-A388-00C05E749D18}
		{99BD3558-DEEE-4F99-913E-DAC97A12926E} = {99BD3558-DEEE-4F99-913E-DAC97A12926E}
		{E21CE9F1-F1AF-487A-8C01-23A4D8A23CC7} = {E21CE9F1-F1AF-487A-8C01-23A4D8A23CC7}
	EndProjectSection
EndProject
Project("{8BC9CEB8-8B4A-11D0-8D11-00A0C91BC942}") = "clconsoleapp_vc9", "clconsoleapp\clconsoleapp_vc9.vcproj", "{C31B2675-B04B-45F1-BBB2-35F099375CF8}"
	ProjectSection(ProjectDependencies) = postProject
		{F914CF4D-5904-477F-A388-00C05E749D18} = {F914CF4D-5904-477F-A388-00C05E749D18}
		{99BD3558-DEEE-4F99-913E-DAC97A12926E} = {99BD3558-DEEE-4F99-913E-DAC97A12926E}
		{E21CE9F1-F1AF-487A-8C01-23A4D8A23CC7} = {E21CE9F1-F1AF-487A-8C01-23A4D8A23CC7}
	EndProjectSection
EndProject
Project("{8BC9CEB8-8B4A-11D0-8D11-00A0C91BC942}") = "CormanLisp_vc9", "CormanLispIDE\CormanLisp_vc9.vcproj", "{FF6CFCF2-F424-4B17-93FF-469DEAD1D723}"
	ProjectSection(ProjectDependencies) = postProject
		{DE479E27-E406-43A8-BCBD-8506EBC31038} = {DE479E27-E406-43A8-BCBD-8506EBC31038}
		{F914CF4D-5904-477F-A388-00C05E749D18} = {F914CF4D-5904-477F-A388-00C05E749D18}
		{99BD3558-DEEE-4F99-913E-DAC97A12926E} = {99BD3558-DEEE-4F99-913E-DAC97A12926E}
		{E21CE9F1-F1AF-487A-8C01-23A4D8A23CC7} = {E21CE9F1-F1AF-487A-8C01-23A4D8A23CC7}
	EndProjectSection
EndProject
Global
	GlobalSection(SolutionConfigurationPlatforms) = preSolution
		Standard|Win32 = Standard|Win32
	EndGlobalSection
	GlobalSection(ProjectConfigurationPlatforms) = postSolution
		{99BD3558-DEEE-4F99-913E-DAC97A12926E}.Standard|Win32.ActiveCfg = Standard|Win32
		{99BD3558-DEEE-4F99-913E-DAC97A12926E}.Standard|Win32.Build.0 = Standard|Win32
		{F914CF4D-5904-477F-A388-00C05E749D18}.Standard|Win32.ActiveCfg = Standard|Win32
		{F914CF4D-5904-477F-A388-00C05E749D18}.Standard|Win32.Build.0 = Standard|Win32
		{E21CE9F1-F1AF-487A-8C01-23A4D8A23CC7}.Standard|Win32.ActiveCfg = Standard|Win32
		{E21CE9F1-F1AF-487A-8C01-23A4D8A23CC7}.Standard|Win32.Build.0 = Standard|Win32
		{DE479E27-E406-43A8-BCBD-8506EBC31038}.Standard|Win32.ActiveCfg = Standard|Win32
		{DE479E27-E406-43A8-BCBD-8506EBC31038}.Standard|Win32.Build.0 = Standard|Win32
		{95914474-F1BA-4190-8FF3-4F03386FC8D6}.Standard|Win32.ActiveCfg = Standard|Win32
		{95914474-F1BA-4190-8FF3-4F03386FC8D6}.Standard|Win32.Build.0 = Standard|Win32
		{AE675399-2236-4F77-BBAD-B665F9C1022C}.Standard|Win32.ActiveCfg = Standard|Win32
		{AE675399-2236-4F77-BBAD-B665F9C1022C}.Standard|Win32.Build.0 = Standard|Win32
		{EE43A1A5-ED5E-4247-B0CF-FB5F3EC80A03}.Standard|Win32.ActiveCfg = Standard|Win32
		{EE43A1A5-ED5E-4247-B0CF-FB5F3EC80A03}.Standard|Win32.Build.0 = Standard|Win32
		{C31B2675-B04B-45F1-BBB2-35F099375CF8}.Standard|Win32.ActiveCfg = Standard|Win32
		{C31B2675-B04B-45F1-BBB2-35F099375CF8}.Standard|Win32.Build.0 = Standard|Win32
		{FF6CFCF2-F424-4B17-93FF-469DEAD1D723}.Standard|Win32.ActiveCfg = Standard|Win32
		{FF6CFCF2-F424-4B17-93FF-469DEAD1D723}.Standard|Win32.Build.0 = Standard|Win32
	EndGlobalSection
	GlobalSection(SolutionProperties) = preSolution
		HideSolutionNode = FALSE
	EndGlobalSection
EndGlobal
