
Microsoft Visual Studio Solution File, Format Version 12.00
# Visual Studio 14
VisualStudioVersion = 14.0.25420.1
MinimumVisualStudioVersion = 10.0.40219.1
Project("{8BC9CEB8-8B4A-11D0-8D11-00A0C91BC942}") = "zlib", "zlib\zlib.vcxproj", "{99BD3558-DEEE-4F99-913E-DAC97A12926E}"
EndProject
Project("{8BC9CEB8-8B4A-11D0-8D11-00A0C91BC942}") = "CormanLispServer", "CormanLispServer\CormanLispServer.vcxproj", "{F914CF4D-5904-477F-A388-00C05E749D18}"
EndProject
Project("{8BC9CEB8-8B4A-11D0-8D11-00A0C91BC942}") = "dlltemplate", "dlltemplate\dlltemplate.vcxproj", "{DE479E27-E406-43A8-BCBD-8506EBC31038}"
EndProject
Project("{8BC9CEB8-8B4A-11D0-8D11-00A0C91BC942}") = "clboot", "clboot\clboot.vcxproj", "{95914474-F1BA-4190-8FF3-4F03386FC8D6}"
EndProject
Project("{8BC9CEB8-8B4A-11D0-8D11-00A0C91BC942}") = "clbootapp", "clbootapp\clbootapp.vcxproj", "{AE675399-2236-4F77-BBAD-B665F9C1022C}"
EndProject
Project("{8BC9CEB8-8B4A-11D0-8D11-00A0C91BC942}") = "clconsole", "clconsole\clconsole.vcxproj", "{EE43A1A5-ED5E-4247-B0CF-FB5F3EC80A03}"
EndProject
Project("{8BC9CEB8-8B4A-11D0-8D11-00A0C91BC942}") = "clconsoleapp", "clconsoleapp\clconsoleapp.vcxproj", "{C31B2675-B04B-45F1-BBB2-35F099375CF8}"
EndProject
Project("{8BC9CEB8-8B4A-11D0-8D11-00A0C91BC942}") = "CormanLisp", "CormanLispIDE\CormanLisp.vcxproj", "{FF6CFCF2-F424-4B17-93FF-469DEAD1D723}"
EndProject
Project("{8BC9CEB8-8B4A-11D0-8D11-00A0C91BC942}") = "CormanLispStatic", "CormanLispServer\CormanLispStatic.vcxproj", "{AC999700-A6C5-4BBD-8A01-D29ED089E951}"
EndProject
Project("{8BC9CEB8-8B4A-11D0-8D11-00A0C91BC942}") = "CormanLispImage", "CormanLispImage\CormanLispImage.vcxproj", "{9C2663C3-E055-42A7-A678-7A3F6472EC8D}"
EndProject
Project("{8BC9CEB8-8B4A-11D0-8D11-00A0C91BC942}") = "Installer", "installer\installer.vcxproj", "{70E7D2D9-32CA-40E5-AC89-6CD71B4D1EF3}"
	ProjectSection(ProjectDependencies) = postProject
		{DE479E27-E406-43A8-BCBD-8506EBC31038} = {DE479E27-E406-43A8-BCBD-8506EBC31038}
		{F914CF4D-5904-477F-A388-00C05E749D18} = {F914CF4D-5904-477F-A388-00C05E749D18}
		{95914474-F1BA-4190-8FF3-4F03386FC8D6} = {95914474-F1BA-4190-8FF3-4F03386FC8D6}
		{C31B2675-B04B-45F1-BBB2-35F099375CF8} = {C31B2675-B04B-45F1-BBB2-35F099375CF8}
		{AE675399-2236-4F77-BBAD-B665F9C1022C} = {AE675399-2236-4F77-BBAD-B665F9C1022C}
		{EE43A1A5-ED5E-4247-B0CF-FB5F3EC80A03} = {EE43A1A5-ED5E-4247-B0CF-FB5F3EC80A03}
		{9C2663C3-E055-42A7-A678-7A3F6472EC8D} = {9C2663C3-E055-42A7-A678-7A3F6472EC8D}
		{FF6CFCF2-F424-4B17-93FF-469DEAD1D723} = {FF6CFCF2-F424-4B17-93FF-469DEAD1D723}
	EndProjectSection
EndProject
Global
	GlobalSection(SolutionConfigurationPlatforms) = preSolution
		Standard|Win32 = Standard|Win32
	EndGlobalSection
	GlobalSection(ProjectConfigurationPlatforms) = postSolution
		{99BD3558-DEEE-4F99-913E-DAC97A12926E}.Standard|Win32.ActiveCfg = Standard|Win32
		{99BD3558-DEEE-4F99-913E-DAC97A12926E}.Standard|Win32.Build.0 = Standard|Win32
		{F914CF4D-5904-477F-A388-00C05E749D18}.Standard|Win32.ActiveCfg = Standard|Win32
		{F914CF4D-5904-477F-A388-00C05E749D18}.Standard|Win32.Build.0 = Standard|Win32
		{DE479E27-E406-43A8-BCBD-8506EBC31038}.Standard|Win32.ActiveCfg = Standard|Win32
		{DE479E27-E406-43A8-BCBD-8506EBC31038}.Standard|Win32.Build.0 = Standard|Win32
		{95914474-F1BA-4190-8FF3-4F03386FC8D6}.Standard|Win32.ActiveCfg = Standard|Win32
		{95914474-F1BA-4190-8FF3-4F03386FC8D6}.Standard|Win32.Build.0 = Standard|Win32
		{AE675399-2236-4F77-BBAD-B665F9C1022C}.Standard|Win32.ActiveCfg = Standard|Win32
		{AE675399-2236-4F77-BBAD-B665F9C1022C}.Standard|Win32.Build.0 = Standard|Win32
		{EE43A1A5-ED5E-4247-B0CF-FB5F3EC80A03}.Standard|Win32.ActiveCfg = Standard|Win32
		{EE43A1A5-ED5E-4247-B0CF-FB5F3EC80A03}.Standard|Win32.Build.0 = Standard|Win32
		{C31B2675-B04B-45F1-BBB2-35F099375CF8}.Standard|Win32.ActiveCfg = Standard|Win32
		{C31B2675-B04B-45F1-BBB2-35F099375CF8}.Standard|Win32.Build.0 = Standard|Win32
		{FF6CFCF2-F424-4B17-93FF-469DEAD1D723}.Standard|Win32.ActiveCfg = Standard|Win32
		{FF6CFCF2-F424-4B17-93FF-469DEAD1D723}.Standard|Win32.Build.0 = Standard|Win32
		{AC999700-A6C5-4BBD-8A01-D29ED089E951}.Standard|Win32.ActiveCfg = Standard|Win32
		{AC999700-A6C5-4BBD-8A01-D29ED089E951}.Standard|Win32.Build.0 = Standard|Win32
		{9C2663C3-E055-42A7-A678-7A3F6472EC8D}.Standard|Win32.ActiveCfg = Standard|Win32
		{9C2663C3-E055-42A7-A678-7A3F6472EC8D}.Standard|Win32.Build.0 = Standard|Win32
		{70E7D2D9-32CA-40E5-AC89-6CD71B4D1EF3}.Standard|Win32.ActiveCfg = Standard|Win32
	EndGlobalSection
	GlobalSection(SolutionProperties) = preSolution
		HideSolutionNode = FALSE
	EndGlobalSection
	GlobalSection(ExtensibilityGlobals) = postSolution
		SolutionGuid = {AFE150CC-2316-4B33-987A-12B6E954F10F}
	EndGlobalSection
EndGlobal
