
Microsoft Visual Studio Solution File, Format Version 12.00
# Visual Studio 2013
VisualStudioVersion = 12.0.21005.1
MinimumVisualStudioVersion = 10.0.40219.1
Project("{8BC9CEB8-8B4A-11D0-8D11-00A0C91BC942}") = "zlib", "zlib\zlib.vcxproj", "{99BD3558-DEEE-4F99-913E-DAC97A12926E}"
EndProject
Project("{8BC9CEB8-8B4A-11D0-8D11-00A0C91BC942}") = "CormanLispServer", "CormanLispServer\CormanLispServer.vcxproj", "{F914CF4D-5904-477F-A388-00C05E749D18}"
EndProject
Project("{8BC9CEB8-8B4A-11D0-8D11-00A0C91BC942}") = "license", "license\license.vcxproj", "{E21CE9F1-F1AF-487A-8C01-23A4D8A23CC7}"
EndProject
Project("{8BC9CEB8-8B4A-11D0-8D11-00A0C91BC942}") = "dlltemplate", "dlltemplate\dlltemplate.vcxproj", "{DE479E27-E406-43A8-BCBD-8506EBC31038}"
EndProject
Project("{8BC9CEB8-8B4A-11D0-8D11-00A0C91BC942}") = "clboot", "clboot\clboot.vcxproj", "{95914474-F1BA-4190-8FF3-4F03386FC8D6}"
EndProject
Project("{8BC9CEB8-8B4A-11D0-8D11-00A0C91BC942}") = "clbootapp", "clbootapp\clbootapp.vcxproj", "{AE675399-2236-4F77-BBAD-B665F9C1022C}"
EndProject
Project("{8BC9CEB8-8B4A-11D0-8D11-00A0C91BC942}") = "clconsole", "clconsole\clconsole.vcxproj", "{EE43A1A5-ED5E-4247-B0CF-FB5F3EC80A03}"
EndProject
Project("{8BC9CEB8-8B4A-11D0-8D11-00A0C91BC942}") = "clconsoleapp", "clconsoleapp\clconsoleapp.vcxproj", "{C31B2675-B04B-45F1-BBB2-35F099375CF8}"
EndProject
Project("{8BC9CEB8-8B4A-11D0-8D11-00A0C91BC942}") = "CormanLisp", "CormanLispIDE\CormanLisp.vcxproj", "{FF6CFCF2-F424-4B17-93FF-469DEAD1D723}"
EndProject
Project("{8BC9CEB8-8B4A-11D0-8D11-00A0C91BC942}") = "CormanLispStatic", "CormanLispServer\CormanLispStatic.vcxproj", "{AC999700-A6C5-4BBD-8A01-D29ED089E951}"
EndProject
Global
	GlobalSection(SolutionConfigurationPlatforms) = preSolution
		Debug|Win32 = Debug|Win32
		Release|Win32 = Release|Win32
		Standard|Win32 = Standard|Win32
	EndGlobalSection
	GlobalSection(ProjectConfigurationPlatforms) = postSolution
		{99BD3558-DEEE-4F99-913E-DAC97A12926E}.Debug|Win32.ActiveCfg = Standard|Win32
		{99BD3558-DEEE-4F99-913E-DAC97A12926E}.Debug|Win32.Build.0 = Standard|Win32
		{99BD3558-DEEE-4F99-913E-DAC97A12926E}.Release|Win32.ActiveCfg = Standard|Win32
		{99BD3558-DEEE-4F99-913E-DAC97A12926E}.Release|Win32.Build.0 = Standard|Win32
		{99BD3558-DEEE-4F99-913E-DAC97A12926E}.Standard|Win32.ActiveCfg = Standard|Win32
		{99BD3558-DEEE-4F99-913E-DAC97A12926E}.Standard|Win32.Build.0 = Standard|Win32
		{F914CF4D-5904-477F-A388-00C05E749D18}.Debug|Win32.ActiveCfg = Standard|Win32
		{F914CF4D-5904-477F-A388-00C05E749D18}.Debug|Win32.Build.0 = Standard|Win32
		{F914CF4D-5904-477F-A388-00C05E749D18}.Release|Win32.ActiveCfg = Standard|Win32
		{F914CF4D-5904-477F-A388-00C05E749D18}.Release|Win32.Build.0 = Standard|Win32
		{F914CF4D-5904-477F-A388-00C05E749D18}.Standard|Win32.ActiveCfg = Standard|Win32
		{F914CF4D-5904-477F-A388-00C05E749D18}.Standard|Win32.Build.0 = Standard|Win32
		{E21CE9F1-F1AF-487A-8C01-23A4D8A23CC7}.Debug|Win32.ActiveCfg = Standard|Win32
		{E21CE9F1-F1AF-487A-8C01-23A4D8A23CC7}.Debug|Win32.Build.0 = Standard|Win32
		{E21CE9F1-F1AF-487A-8C01-23A4D8A23CC7}.Release|Win32.ActiveCfg = Standard|Win32
		{E21CE9F1-F1AF-487A-8C01-23A4D8A23CC7}.Release|Win32.Build.0 = Standard|Win32
		{E21CE9F1-F1AF-487A-8C01-23A4D8A23CC7}.Standard|Win32.ActiveCfg = Standard|Win32
		{E21CE9F1-F1AF-487A-8C01-23A4D8A23CC7}.Standard|Win32.Build.0 = Standard|Win32
		{DE479E27-E406-43A8-BCBD-8506EBC31038}.Debug|Win32.ActiveCfg = Standard|Win32
		{DE479E27-E406-43A8-BCBD-8506EBC31038}.Debug|Win32.Build.0 = Standard|Win32
		{DE479E27-E406-43A8-BCBD-8506EBC31038}.Release|Win32.ActiveCfg = Standard|Win32
		{DE479E27-E406-43A8-BCBD-8506EBC31038}.Release|Win32.Build.0 = Standard|Win32
		{DE479E27-E406-43A8-BCBD-8506EBC31038}.Standard|Win32.ActiveCfg = Standard|Win32
		{DE479E27-E406-43A8-BCBD-8506EBC31038}.Standard|Win32.Build.0 = Standard|Win32
		{95914474-F1BA-4190-8FF3-4F03386FC8D6}.Debug|Win32.ActiveCfg = Standard|Win32
		{95914474-F1BA-4190-8FF3-4F03386FC8D6}.Debug|Win32.Build.0 = Standard|Win32
		{95914474-F1BA-4190-8FF3-4F03386FC8D6}.Release|Win32.ActiveCfg = Standard|Win32
		{95914474-F1BA-4190-8FF3-4F03386FC8D6}.Release|Win32.Build.0 = Standard|Win32
		{95914474-F1BA-4190-8FF3-4F03386FC8D6}.Standard|Win32.ActiveCfg = Standard|Win32
		{95914474-F1BA-4190-8FF3-4F03386FC8D6}.Standard|Win32.Build.0 = Standard|Win32
		{AE675399-2236-4F77-BBAD-B665F9C1022C}.Debug|Win32.ActiveCfg = Standard|Win32
		{AE675399-2236-4F77-BBAD-B665F9C1022C}.Debug|Win32.Build.0 = Standard|Win32
		{AE675399-2236-4F77-BBAD-B665F9C1022C}.Release|Win32.ActiveCfg = Standard|Win32
		{AE675399-2236-4F77-BBAD-B665F9C1022C}.Release|Win32.Build.0 = Standard|Win32
		{AE675399-2236-4F77-BBAD-B665F9C1022C}.Standard|Win32.ActiveCfg = Standard|Win32
		{AE675399-2236-4F77-BBAD-B665F9C1022C}.Standard|Win32.Build.0 = Standard|Win32
		{EE43A1A5-ED5E-4247-B0CF-FB5F3EC80A03}.Debug|Win32.ActiveCfg = Standard|Win32
		{EE43A1A5-ED5E-4247-B0CF-FB5F3EC80A03}.Debug|Win32.Build.0 = Standard|Win32
		{EE43A1A5-ED5E-4247-B0CF-FB5F3EC80A03}.Release|Win32.ActiveCfg = Standard|Win32
		{EE43A1A5-ED5E-4247-B0CF-FB5F3EC80A03}.Release|Win32.Build.0 = Standard|Win32
		{EE43A1A5-ED5E-4247-B0CF-FB5F3EC80A03}.Standard|Win32.ActiveCfg = Standard|Win32
		{EE43A1A5-ED5E-4247-B0CF-FB5F3EC80A03}.Standard|Win32.Build.0 = Standard|Win32
		{C31B2675-B04B-45F1-BBB2-35F099375CF8}.Debug|Win32.ActiveCfg = Standard|Win32
		{C31B2675-B04B-45F1-BBB2-35F099375CF8}.Debug|Win32.Build.0 = Standard|Win32
		{C31B2675-B04B-45F1-BBB2-35F099375CF8}.Release|Win32.ActiveCfg = Standard|Win32
		{C31B2675-B04B-45F1-BBB2-35F099375CF8}.Release|Win32.Build.0 = Standard|Win32
		{C31B2675-B04B-45F1-BBB2-35F099375CF8}.Standard|Win32.ActiveCfg = Standard|Win32
		{C31B2675-B04B-45F1-BBB2-35F099375CF8}.Standard|Win32.Build.0 = Standard|Win32
		{FF6CFCF2-F424-4B17-93FF-469DEAD1D723}.Debug|Win32.ActiveCfg = Standard|Win32
		{FF6CFCF2-F424-4B17-93FF-469DEAD1D723}.Debug|Win32.Build.0 = Standard|Win32
		{FF6CFCF2-F424-4B17-93FF-469DEAD1D723}.Release|Win32.ActiveCfg = Standard|Win32
		{FF6CFCF2-F424-4B17-93FF-469DEAD1D723}.Release|Win32.Build.0 = Standard|Win32
		{FF6CFCF2-F424-4B17-93FF-469DEAD1D723}.Standard|Win32.ActiveCfg = Standard|Win32
		{FF6CFCF2-F424-4B17-93FF-469DEAD1D723}.Standard|Win32.Build.0 = Standard|Win32
		{AC999700-A6C5-4BBD-8A01-D29ED089E951}.Debug|Win32.ActiveCfg = Standard|Win32
		{AC999700-A6C5-4BBD-8A01-D29ED089E951}.Debug|Win32.Build.0 = Standard|Win32
		{AC999700-A6C5-4BBD-8A01-D29ED089E951}.Release|Win32.ActiveCfg = Standard|Win32
		{AC999700-A6C5-4BBD-8A01-D29ED089E951}.Release|Win32.Build.0 = Standard|Win32
		{AC999700-A6C5-4BBD-8A01-D29ED089E951}.Standard|Win32.ActiveCfg = Standard|Win32
		{AC999700-A6C5-4BBD-8A01-D29ED089E951}.Standard|Win32.Build.0 = Standard|Win32
	EndGlobalSection
	GlobalSection(SolutionProperties) = preSolution
		HideSolutionNode = FALSE
	EndGlobalSection
EndGlobal
