
Microsoft Visual Studio Solution File, Format Version 10.00
# Visual Studio 2008
Project("{8BC9CEB8-8B4A-11D0-8D11-00A0C91BC942}") = "dlltemplate_vc9", "dlltemplate_vc9.vcproj", "{DE479E27-E406-43A8-BCBD-8506EBC31038}"
EndProject
Global
	GlobalSection(SolutionConfigurationPlatforms) = preSolution
		Standard|Win32 = Standard|Win32
	EndGlobalSection
	GlobalSection(ProjectConfigurationPlatforms) = postSolution
		{DE479E27-E406-43A8-BCBD-8506EBC31038}.Standard|Win32.ActiveCfg = Standard|Win32
		{DE479E27-E406-43A8-BCBD-8506EBC31038}.Standard|Win32.Build.0 = Standard|Win32
	EndGlobalSection
	GlobalSection(SolutionProperties) = preSolution
		HideSolutionNode = FALSE
	EndGlobalSection
EndGlobal
