
Microsoft Visual Studio Solution File, Format Version 10.00
# Visual Studio 2008
Project("{8BC9CEB8-8B4A-11D0-8D11-00A0C91BC942}") = "clbootapp_vc9", "clbootapp_vc9.vcproj", "{AE675399-2236-4F77-BBAD-B665F9C1022C}"
EndProject
Global
	GlobalSection(SolutionConfigurationPlatforms) = preSolution
		Standard|Win32 = Standard|Win32
	EndGlobalSection
	GlobalSection(ProjectConfigurationPlatforms) = postSolution
		{AE675399-2236-4F77-BBAD-B665F9C1022C}.Standard|Win32.ActiveCfg = Standard|Win32
		{AE675399-2236-4F77-BBAD-B665F9C1022C}.Standard|Win32.Build.0 = Standard|Win32
	EndGlobalSection
	GlobalSection(SolutionProperties) = preSolution
		HideSolutionNode = FALSE
	EndGlobalSection
EndGlobal
