
Microsoft Visual Studio Solution File, Format Version 10.00
# Visual Studio 2008
Project("{8BC9CEB8-8B4A-11D0-8D11-00A0C91BC942}") = "clconsole_vc9", "clconsole_vc9.vcproj", "{EE43A1A5-ED5E-4247-B0CF-FB5F3EC80A03}"
EndProject
Global
	GlobalSection(SolutionConfigurationPlatforms) = preSolution
		Standard|Win32 = Standard|Win32
	EndGlobalSection
	GlobalSection(ProjectConfigurationPlatforms) = postSolution
		{EE43A1A5-ED5E-4247-B0CF-FB5F3EC80A03}.Standard|Win32.ActiveCfg = Standard|Win32
		{EE43A1A5-ED5E-4247-B0CF-FB5F3EC80A03}.Standard|Win32.Build.0 = Standard|Win32
	EndGlobalSection
	GlobalSection(SolutionProperties) = preSolution
		HideSolutionNode = FALSE
	EndGlobalSection
EndGlobal
