
Microsoft Visual Studio Solution File, Format Version 10.00
# Visual Studio 2008
Project("{8BC9CEB8-8B4A-11D0-8D11-00A0C91BC942}") = "license_vc9", "license_vc9.vcproj", "{E21CE9F1-F1AF-487A-8C01-23A4D8A23CC7}"
EndProject
Global
	GlobalSection(SolutionConfigurationPlatforms) = preSolution
		Standard|Win32 = Standard|Win32
	EndGlobalSection
	GlobalSection(ProjectConfigurationPlatforms) = postSolution
		{E21CE9F1-F1AF-487A-8C01-23A4D8A23CC7}.Standard|Win32.ActiveCfg = Standard|Win32
		{E21CE9F1-F1AF-487A-8C01-23A4D8A23CC7}.Standard|Win32.Build.0 = Standard|Win32
	EndGlobalSection
	GlobalSection(SolutionProperties) = preSolution
		HideSolutionNode = FALSE
	EndGlobalSection
EndGlobal
