
Microsoft Visual Studio Solution File, Format Version 10.00
# Visual Studio 2008
Project("{8BC9CEB8-8B4A-11D0-8D11-00A0C91BC942}") = "clconsoleapp_vc9", "clconsoleapp_vc9.vcproj", "{C31B2675-B04B-45F1-BBB2-35F099375CF8}"
EndProject
Global
	GlobalSection(SolutionConfigurationPlatforms) = preSolution
		Standard|Win32 = Standard|Win32
	EndGlobalSection
	GlobalSection(ProjectConfigurationPlatforms) = postSolution
		{C31B2675-B04B-45F1-BBB2-35F099375CF8}.Standard|Win32.ActiveCfg = Standard|Win32
		{C31B2675-B04B-45F1-BBB2-35F099375CF8}.Standard|Win32.Build.0 = Standard|Win32
	EndGlobalSection
	GlobalSection(SolutionProperties) = preSolution
		HideSolutionNode = FALSE
	EndGlobalSection
EndGlobal
