Microsoft Visual Studio Solution File, Format Version 9.00
# Visual Studio 2005
Project("{8BC9CEB8-8B4A-11D0-8D11-00A0C91BC942}") = "CormanLisp", "CormanLisp.vcproj", "{FF6CFCF2-F424-4B17-93FF-469DEAD1D723}"
EndProject
Global
	GlobalSection(SolutionConfigurationPlatforms) = preSolution
		Standard|Win32 = Standard|Win32
	EndGlobalSection
	GlobalSection(ProjectConfigurationPlatforms) = postSolution
		{FF6CFCF2-F424-4B17-93FF-469DEAD1D723}.Standard|Win32.ActiveCfg = Standard|Win32
		{FF6CFCF2-F424-4B17-93FF-469DEAD1D723}.Standard|Win32.Build.0 = Standard|Win32
	EndGlobalSection
	GlobalSection(SolutionProperties) = preSolution
		HideSolutionNode = FALSE
	EndGlobalSection
EndGlobal
